
Microsoft Visual Studio Solution File, Format Version 12.00
# Visual Studio Version 16
VisualStudioVersion = 16.0.31129.286
MinimumVisualStudioVersion = 10.0.40219.1
Project("{FAE04EC0-301F-11D3-BF4B-00C04F79EFBC}") = "Archiver", "Archiver\Archiver.csproj", "{FFB9F660-EF68-4B67-89F6-6A4B6D0301F3}"
EndProject
Global
	GlobalSection(SolutionConfigurationPlatforms) = preSolution
		Debug|Any CPU = Debug|Any CPU
		Release|Any CPU = Release|Any CPU
	EndGlobalSection
	GlobalSection(ProjectConfigurationPlatforms) = postSolution
		{FFB9F660-EF68-4B67-89F6-6A4B6D0301F3}.Debug|Any CPU.ActiveCfg = Debug|Any CPU
		{FFB9F660-EF68-4B67-89F6-6A4B6D0301F3}.Debug|Any CPU.Build.0 = Debug|Any CPU
		{FFB9F660-EF68-4B67-89F6-6A4B6D0301F3}.Release|Any CPU.ActiveCfg = Release|Any CPU
		{FFB9F660-EF68-4B67-89F6-6A4B6D0301F3}.Release|Any CPU.Build.0 = Release|Any CPU
	EndGlobalSection
	GlobalSection(SolutionProperties) = preSolution
		HideSolutionNode = FALSE
	EndGlobalSection
	GlobalSection(ExtensibilityGlobals) = postSolution
		SolutionGuid = {7534AA9C-3A83-4C23-8D8C-12E173D590E3}
	EndGlobalSection
EndGlobal
